
Microsoft Visual Studio Solution File, Format Version 12.00
# Visual Studio 15
VisualStudioVersion = 15.0.28307.421
MinimumVisualStudioVersion = 10.0.40219.1
Project("{FAE04EC0-301F-11D3-BF4B-00C04F79EFBC}") = "PharmacyApp", "PharmacyApp\PharmacyApp.csproj", "{07A43401-D483-43E3-8894-570BD6A649AC}"
EndProject
Global
	GlobalSection(SolutionConfigurationPlatforms) = preSolution
		Debug|Any CPU = Debug|Any CPU
		Release|Any CPU = Release|Any CPU
	EndGlobalSection
	GlobalSection(ProjectConfigurationPlatforms) = postSolution
		{07A43401-D483-43E3-8894-570BD6A649AC}.Debug|Any CPU.ActiveCfg = Debug|Any CPU
		{07A43401-D483-43E3-8894-570BD6A649AC}.Debug|Any CPU.Build.0 = Debug|Any CPU
		{07A43401-D483-43E3-8894-570BD6A649AC}.Release|Any CPU.ActiveCfg = Release|Any CPU
		{07A43401-D483-43E3-8894-570BD6A649AC}.Release|Any CPU.Build.0 = Release|Any CPU
	EndGlobalSection
	GlobalSection(SolutionProperties) = preSolution
		HideSolutionNode = FALSE
	EndGlobalSection
	GlobalSection(ExtensibilityGlobals) = postSolution
		SolutionGuid = {EF2835B9-E1B1-446F-B2D4-3FBFE05DBC80}
	EndGlobalSection
EndGlobal
